
Microsoft Visual Studio Solution File, Format Version 12.00
# Visual Studio Version 17
VisualStudioVersion = 17.3.32825.248
MinimumVisualStudioVersion = 10.0.40219.1
Project("{FAE04EC0-301F-11D3-BF4B-00C04F79EFBC}") = "NiagaraCollegeProject", "NiagaraCollegeProject.csproj", "{6C8453B7-3398-4780-AA22-EE5237C44EE6}"
EndProject
Global
	GlobalSection(SolutionConfigurationPlatforms) = preSolution
		Debug|Any CPU = Debug|Any CPU
		Release|Any CPU = Release|Any CPU
	EndGlobalSection
	GlobalSection(ProjectConfigurationPlatforms) = postSolution
		{6C8453B7-3398-4780-AA22-EE5237C44EE6}.Debug|Any CPU.ActiveCfg = Debug|Any CPU
		{6C8453B7-3398-4780-AA22-EE5237C44EE6}.Debug|Any CPU.Build.0 = Debug|Any CPU
		{6C8453B7-3398-4780-AA22-EE5237C44EE6}.Release|Any CPU.ActiveCfg = Release|Any CPU
		{6C8453B7-3398-4780-AA22-EE5237C44EE6}.Release|Any CPU.Build.0 = Release|Any CPU
	EndGlobalSection
	GlobalSection(SolutionProperties) = preSolution
		HideSolutionNode = FALSE
	EndGlobalSection
	GlobalSection(ExtensibilityGlobals) = postSolution
		SolutionGuid = {08135561-9C28-4AB7-AB42-E75AEC2DFCEB}
	EndGlobalSection
EndGlobal
